
Microsoft Visual Studio Solution File, Format Version 12.00
# Visual Studio Version 16
VisualStudioVersion = 16.0.31129.286
MinimumVisualStudioVersion = 10.0.40219.1
Project("{FAE04EC0-301F-11D3-BF4B-00C04F79EFBC}") = "IdentityReference", "IdentityReference\IdentityReference.csproj", "{0CA5C131-73DF-4B33-8E00-6EF2A4AC3CB6}"
EndProject
Global
	GlobalSection(SolutionConfigurationPlatforms) = preSolution
		Debug|Any CPU = Debug|Any CPU
		Release|Any CPU = Release|Any CPU
	EndGlobalSection
	GlobalSection(ProjectConfigurationPlatforms) = postSolution
		{0CA5C131-73DF-4B33-8E00-6EF2A4AC3CB6}.Debug|Any CPU.ActiveCfg = Debug|Any CPU
		{0CA5C131-73DF-4B33-8E00-6EF2A4AC3CB6}.Debug|Any CPU.Build.0 = Debug|Any CPU
		{0CA5C131-73DF-4B33-8E00-6EF2A4AC3CB6}.Release|Any CPU.ActiveCfg = Release|Any CPU
		{0CA5C131-73DF-4B33-8E00-6EF2A4AC3CB6}.Release|Any CPU.Build.0 = Release|Any CPU
	EndGlobalSection
	GlobalSection(SolutionProperties) = preSolution
		HideSolutionNode = FALSE
	EndGlobalSection
	GlobalSection(ExtensibilityGlobals) = postSolution
		SolutionGuid = {473154AF-0A1F-4B0A-AC64-90F1ED64EC9C}
	EndGlobalSection
EndGlobal
